# This file is generated by running "yarn install" inside your project.
# Manual changes might be lost - proceed with caution!

__metadata:
  version: 5
  cacheKey: 8

"@types/node@npm:^16":
  version: 16.11.22
  resolution: "@types/node@npm:16.11.22"
  checksum: 9d879b9b0427e21a11e3162917553d5bc3c7d68d1ef4aa631512144801fe59bc3b4da5965e7ea7c2db99394487b543d4f2499b318e12392574802ac4f975b7c4
  languageName: node
  linkType: hard

"khora@workspace:.":
  version: 0.0.0-use.local
  resolution: "khora@workspace:."
  dependencies:
    "@types/node": ^16
    tslib: ^2.3.1
    typescript: ^4.5.5
  languageName: unknown
  linkType: soft

"tslib@npm:^2.3.1":
  version: 2.3.1
  resolution: "tslib@npm:2.3.1"
  checksum: de17a98d4614481f7fcb5cd53ffc1aaf8654313be0291e1bfaee4b4bb31a20494b7d218ff2e15017883e8ea9626599b3b0e0229c18383ba9dce89da2adf15cb9
  languageName: node
  linkType: hard

"typescript@npm:^4.5.5":
  version: 4.5.5
  resolution: "typescript@npm:4.5.5"
  bin:
    tsc: bin/tsc
    tsserver: bin/tsserver
  checksum: 506f4c919dc8aeaafa92068c997f1d213b9df4d9756d0fae1a1e7ab66b585ab3498050e236113a1c9e57ee08c21ec6814ca7a7f61378c058d79af50a4b1f5a5e
  languageName: node
  linkType: hard

"typescript@patch:typescript@^4.5.5#~builtin<compat/typescript>":
  version: 4.5.5
  resolution: "typescript@patch:typescript@npm%3A4.5.5#~builtin<compat/typescript>::version=4.5.5&hash=493e53"
  bin:
    tsc: bin/tsc
    tsserver: bin/tsserver
  checksum: c05c318d79c690f101d7ffb34cd6c7d6bbd884d3af9cefe7749ad0cd6be43c7082f098280982ca945dcba23fde34a08fed9602bb26540936baf8c0520727d3ba
  languageName: node
  linkType: hard
